
Microsoft Visual Studio Solution File, Format Version 10.00
# Visual Studio 2008
Project("{F184B08F-C81C-45F6-A57F-5ABD9991F28F}") = "mtsMineracaoClientes", "mtsMineracaoClientes.vbproj", "{15453B33-6204-42A7-8C4B-21C84155045A}"
EndProject
Global
	GlobalSection(SolutionConfigurationPlatforms) = preSolution
		Debug|Any CPU = Debug|Any CPU
		Release|Any CPU = Release|Any CPU
	EndGlobalSection
	GlobalSection(ProjectConfigurationPlatforms) = postSolution
		{15453B33-6204-42A7-8C4B-21C84155045A}.Debug|Any CPU.ActiveCfg = Debug|Any CPU
		{15453B33-6204-42A7-8C4B-21C84155045A}.Debug|Any CPU.Build.0 = Debug|Any CPU
		{15453B33-6204-42A7-8C4B-21C84155045A}.Release|Any CPU.ActiveCfg = Release|Any CPU
		{15453B33-6204-42A7-8C4B-21C84155045A}.Release|Any CPU.Build.0 = Release|Any CPU
	EndGlobalSection
	GlobalSection(SolutionProperties) = preSolution
		HideSolutionNode = FALSE
	EndGlobalSection
EndGlobal
